# THIS IS AN AUTOGENERATED FILE. DO NOT EDIT THIS FILE DIRECTLY.
# yarn lockfile v1


"@ng-bootstrap/ng-bootstrap@^1.0.0-alpha.26":
  version "1.0.0-alpha.26"
  resolved "https://registry.yarnpkg.com/@ng-bootstrap/ng-bootstrap/-/ng-bootstrap-1.0.0-alpha.26.tgz#f3d9e16b5682ec20edb3f1397d3d45a576f3f6a4"

"@ngrx/core@^1.2.0":
  version "1.2.0"
  resolved "https://registry.yarnpkg.com/@ngrx/core/-/core-1.2.0.tgz#882b46abafa2e0e6d887cb71a1b2c2fa3e6d0dc6"

"@ngrx/effects@^2.0.3":
  version "2.0.3"
  resolved "https://registry.yarnpkg.com/@ngrx/effects/-/effects-2.0.3.tgz#e54ce340806dd91a81826796f13e2446aeeafb77"

"@ngrx/store@^2.2.2":
  version "2.2.2"
  resolved "https://registry.yarnpkg.com/@ngrx/store/-/store-2.2.2.tgz#a00305a6452032a3385886a11ce529dce2dae65b"

bootstrap@4.0.0-alpha.6:
  version "4.0.0-alpha.6"
  resolved "https://registry.yarnpkg.com/bootstrap/-/bootstrap-4.0.0-alpha.6.tgz#4f54dd33ac0deac3b28407bc2df7ec608869c9c8"
  dependencies:
    jquery ">=1.9.1"
    tether "^1.4.0"

jquery@>=1.9.1:
  version "3.2.1"
  resolved "https://registry.yarnpkg.com/jquery/-/jquery-3.2.1.tgz#5c4d9de652af6cd0a770154a631bba12b015c787"

ngrx-store-logger@^0.1.8:
  version "0.1.8"
  resolved "https://registry.yarnpkg.com/ngrx-store-logger/-/ngrx-store-logger-0.1.8.tgz#385cc71c4ad7d503173d88705846614c1be2eff6"

reselect@^3.0.1:
  version "3.0.1"
  resolved "https://registry.yarnpkg.com/reselect/-/reselect-3.0.1.tgz#efdaa98ea7451324d092b2b2163a6a1d7a9a2147"

tether@^1.4.0:
  version "1.4.0"
  resolved "https://registry.yarnpkg.com/tether/-/tether-1.4.0.tgz#0f9fa171f75bf58485d8149e94799d7ae74d1c1a"
